
Microsoft Visual Studio Solution File, Format Version 12.00
# Visual Studio 2012
Project("{2150E333-8FDC-42A3-9474-1A3956D46DE8}") = "EasierAppSettings", "EasierAppSettings", "{399596B6-66C8-406A-A0C6-15095AB18C1E}"
EndProject
Project("{FAE04EC0-301F-11D3-BF4B-00C04F79EFBC}") = "Twainsoft.Blog.Examples.EasierAppSettings", "EasierAppSettings\Twainsoft.Blog.Examples.EasierAppSettings\Twainsoft.Blog.Examples.EasierAppSettings.csproj", "{C30379FF-79E4-4D12-89F0-7F407BD9FD90}"
EndProject
Global
	GlobalSection(SolutionConfigurationPlatforms) = preSolution
		Debug|Any CPU = Debug|Any CPU
		Release|Any CPU = Release|Any CPU
	EndGlobalSection
	GlobalSection(ProjectConfigurationPlatforms) = postSolution
		{C30379FF-79E4-4D12-89F0-7F407BD9FD90}.Debug|Any CPU.ActiveCfg = Debug|Any CPU
		{C30379FF-79E4-4D12-89F0-7F407BD9FD90}.Debug|Any CPU.Build.0 = Debug|Any CPU
		{C30379FF-79E4-4D12-89F0-7F407BD9FD90}.Release|Any CPU.ActiveCfg = Release|Any CPU
		{C30379FF-79E4-4D12-89F0-7F407BD9FD90}.Release|Any CPU.Build.0 = Release|Any CPU
	EndGlobalSection
	GlobalSection(SolutionProperties) = preSolution
		HideSolutionNode = FALSE
	EndGlobalSection
	GlobalSection(NestedProjects) = preSolution
		{C30379FF-79E4-4D12-89F0-7F407BD9FD90} = {399596B6-66C8-406A-A0C6-15095AB18C1E}
	EndGlobalSection
EndGlobal
